{
    "_meta": {
        "hash": {
            "sha256": "609dba5c5ddcac81b10229071108581aa0604c704ab23e2cc67e844df696c469"
        },
        "pipfile-spec": 6,
        "requires": {
            "python_version": "3.10"
        },
        "sources": [
            {
                "name": "pypi",
                "url": "https://pypi.org/simple",
                "verify_ssl": true
            }
        ]
    },
    "default": {
        "honcho": {
            "hashes": [
                "sha256:a4d6e3a88a7b51b66351ecfc6e9d79d8f4b87351db9ad7e923f5632cc498122f",
                "sha256:c5eca0bded4bef6697a23aec0422fd4f6508ea3581979a3485fc4b89357eb2a9"
            ],
            "index": "pypi",
            "version": "==1.1.0"
        }
    },
    "develop": {}
}
